{
  "nodes": {
    "nixpkgs": {
      "locked": {
        "lastModified": 1728031656,
        "narHash": "sha256-JXumn7X+suKEcehp4rchSvBzIboqyybQ5bLK4wk7gQU=",
        "owner": "NixOS",
        "repo": "nixpkgs",
        "rev": "eeeb90a1dd3c9bea3afdbc76fd34d0fb2a727c7a",
        "type": "github"
      },
      "original": {
        "owner": "NixOS",
        "ref": "nixpkgs-unstable",
        "repo": "nixpkgs",
        "type": "github"
      }
    },
    "root": {
      "inputs": {
        "nixpkgs": "nixpkgs"
      }
    }
  },
  "root": "root",
  "version": 7
}
